
Microsoft Visual Studio Solution File, Format Version 12.00
# Visual Studio Version 17
VisualStudioVersion = 17.3.32901.215
MinimumVisualStudioVersion = 10.0.40219.1
Project("{FAE04EC0-301F-11D3-BF4B-00C04F79EFBC}") = "DZ.30.09", "DZ.30.09\DZ.30.09.csproj", "{CACB6B58-283E-4A19-8CB8-CF3889BA5415}"
EndProject
Project("{FAE04EC0-301F-11D3-BF4B-00C04F79EFBC}") = "TooMach", "TooMach\TooMach.csproj", "{FF4D0BBF-E831-48AB-892F-54BEDF0DB17D}"
EndProject
Global
	GlobalSection(SolutionConfigurationPlatforms) = preSolution
		Debug|Any CPU = Debug|Any CPU
		Release|Any CPU = Release|Any CPU
	EndGlobalSection
	GlobalSection(ProjectConfigurationPlatforms) = postSolution
		{CACB6B58-283E-4A19-8CB8-CF3889BA5415}.Debug|Any CPU.ActiveCfg = Debug|Any CPU
		{CACB6B58-283E-4A19-8CB8-CF3889BA5415}.Debug|Any CPU.Build.0 = Debug|Any CPU
		{CACB6B58-283E-4A19-8CB8-CF3889BA5415}.Release|Any CPU.ActiveCfg = Release|Any CPU
		{CACB6B58-283E-4A19-8CB8-CF3889BA5415}.Release|Any CPU.Build.0 = Release|Any CPU
		{FF4D0BBF-E831-48AB-892F-54BEDF0DB17D}.Debug|Any CPU.ActiveCfg = Debug|Any CPU
		{FF4D0BBF-E831-48AB-892F-54BEDF0DB17D}.Debug|Any CPU.Build.0 = Debug|Any CPU
		{FF4D0BBF-E831-48AB-892F-54BEDF0DB17D}.Release|Any CPU.ActiveCfg = Release|Any CPU
		{FF4D0BBF-E831-48AB-892F-54BEDF0DB17D}.Release|Any CPU.Build.0 = Release|Any CPU
	EndGlobalSection
	GlobalSection(SolutionProperties) = preSolution
		HideSolutionNode = FALSE
	EndGlobalSection
	GlobalSection(ExtensibilityGlobals) = postSolution
		SolutionGuid = {F16BBFCB-C004-4069-B452-45102EB5D32D}
	EndGlobalSection
EndGlobal
